
Microsoft Visual Studio Solution File, Format Version 12.00
# Visual Studio Version 16
VisualStudioVersion = 25.0.1705.4
MinimumVisualStudioVersion = 10.0.40219.1
Project("{FAE04EC0-301F-11D3-BF4B-00C04F79EFBC}") = "HashTables", "HashTables\HashTables.csproj", "{6998CB55-5D59-4483-B3B0-AFE9C5797FAD}"
EndProject
Global
	GlobalSection(SolutionConfigurationPlatforms) = preSolution
		Debug|Any CPU = Debug|Any CPU
		Release|Any CPU = Release|Any CPU
	EndGlobalSection
	GlobalSection(ProjectConfigurationPlatforms) = postSolution
		{6998CB55-5D59-4483-B3B0-AFE9C5797FAD}.Debug|Any CPU.ActiveCfg = Debug|Any CPU
		{6998CB55-5D59-4483-B3B0-AFE9C5797FAD}.Debug|Any CPU.Build.0 = Debug|Any CPU
		{6998CB55-5D59-4483-B3B0-AFE9C5797FAD}.Release|Any CPU.ActiveCfg = Release|Any CPU
		{6998CB55-5D59-4483-B3B0-AFE9C5797FAD}.Release|Any CPU.Build.0 = Release|Any CPU
	EndGlobalSection
	GlobalSection(SolutionProperties) = preSolution
		HideSolutionNode = FALSE
	EndGlobalSection
	GlobalSection(ExtensibilityGlobals) = postSolution
		SolutionGuid = {26B0167D-C5B1-4DF0-B05B-8EF85DC2F4C7}
	EndGlobalSection
EndGlobal
