
Microsoft Visual Studio Solution File, Format Version 12.00
# Visual Studio Version 16
VisualStudioVersion = 25.0.1705.4
MinimumVisualStudioVersion = 10.0.40219.1
Project("{FAE04EC0-301F-11D3-BF4B-00C04F79EFBC}") = "BinaryTree2", "BinaryTree2\BinaryTree2.csproj", "{824D14EE-9779-4085-9B18-82696DDBBEBF}"
EndProject
Global
	GlobalSection(SolutionConfigurationPlatforms) = preSolution
		Debug|Any CPU = Debug|Any CPU
		Release|Any CPU = Release|Any CPU
	EndGlobalSection
	GlobalSection(ProjectConfigurationPlatforms) = postSolution
		{824D14EE-9779-4085-9B18-82696DDBBEBF}.Debug|Any CPU.ActiveCfg = Debug|Any CPU
		{824D14EE-9779-4085-9B18-82696DDBBEBF}.Debug|Any CPU.Build.0 = Debug|Any CPU
		{824D14EE-9779-4085-9B18-82696DDBBEBF}.Release|Any CPU.ActiveCfg = Release|Any CPU
		{824D14EE-9779-4085-9B18-82696DDBBEBF}.Release|Any CPU.Build.0 = Release|Any CPU
	EndGlobalSection
	GlobalSection(SolutionProperties) = preSolution
		HideSolutionNode = FALSE
	EndGlobalSection
	GlobalSection(ExtensibilityGlobals) = postSolution
		SolutionGuid = {13B33F4F-9D3B-4B53-9AF8-6C0D18262F78}
	EndGlobalSection
EndGlobal
