
Microsoft Visual Studio Solution File, Format Version 12.00
# Visual Studio Version 16
VisualStudioVersion = 25.0.1705.3
MinimumVisualStudioVersion = 10.0.40219.1
Project("{FAE04EC0-301F-11D3-BF4B-00C04F79EFBC}") = "ForLoop", "ForLoop\ForLoop.csproj", "{0A9B0972-D483-4595-99DD-3B74CA77F31A}"
EndProject
Global
	GlobalSection(SolutionConfigurationPlatforms) = preSolution
		Debug|Any CPU = Debug|Any CPU
		Release|Any CPU = Release|Any CPU
	EndGlobalSection
	GlobalSection(ProjectConfigurationPlatforms) = postSolution
		{0A9B0972-D483-4595-99DD-3B74CA77F31A}.Debug|Any CPU.ActiveCfg = Debug|Any CPU
		{0A9B0972-D483-4595-99DD-3B74CA77F31A}.Debug|Any CPU.Build.0 = Debug|Any CPU
		{0A9B0972-D483-4595-99DD-3B74CA77F31A}.Release|Any CPU.ActiveCfg = Release|Any CPU
		{0A9B0972-D483-4595-99DD-3B74CA77F31A}.Release|Any CPU.Build.0 = Release|Any CPU
	EndGlobalSection
	GlobalSection(SolutionProperties) = preSolution
		HideSolutionNode = FALSE
	EndGlobalSection
	GlobalSection(ExtensibilityGlobals) = postSolution
		SolutionGuid = {82A05A9A-330A-4042-BEDB-D1A17736035E}
	EndGlobalSection
EndGlobal
