
Microsoft Visual Studio Solution File, Format Version 12.00
# Visual Studio Version 16
VisualStudioVersion = 25.0.1705.5
MinimumVisualStudioVersion = 10.0.40219.1
Project("{FAE04EC0-301F-11D3-BF4B-00C04F79EFBC}") = "School", "School\School.csproj", "{1D9AA50B-77E5-4F00-9D73-F17AC4C30E8A}"
EndProject
Project("{FAE04EC0-301F-11D3-BF4B-00C04F79EFBC}") = "Country", "Country\Country.csproj", "{1D477D15-B0B1-49D6-A520-DE89DC7AB484}"
EndProject
Project("{2150E333-8FDC-42A3-9474-1A3956D46DE8}") = "Solution Items", "Solution Items", "{F47C96DD-5751-4048-8F55-617BE62B1B08}"
EndProject
Project("{FAE04EC0-301F-11D3-BF4B-00C04F79EFBC}") = "Family", "Family\Family.csproj", "{1D7AA17B-F336-446C-AA1C-C2CB7E24DBCC}"
EndProject
Global
	GlobalSection(SolutionConfigurationPlatforms) = preSolution
		Debug|Any CPU = Debug|Any CPU
		Release|Any CPU = Release|Any CPU
	EndGlobalSection
	GlobalSection(ProjectConfigurationPlatforms) = postSolution
		{1D9AA50B-77E5-4F00-9D73-F17AC4C30E8A}.Debug|Any CPU.ActiveCfg = Debug|Any CPU
		{1D9AA50B-77E5-4F00-9D73-F17AC4C30E8A}.Debug|Any CPU.Build.0 = Debug|Any CPU
		{1D9AA50B-77E5-4F00-9D73-F17AC4C30E8A}.Release|Any CPU.ActiveCfg = Release|Any CPU
		{1D9AA50B-77E5-4F00-9D73-F17AC4C30E8A}.Release|Any CPU.Build.0 = Release|Any CPU
		{1D477D15-B0B1-49D6-A520-DE89DC7AB484}.Debug|Any CPU.ActiveCfg = Debug|Any CPU
		{1D477D15-B0B1-49D6-A520-DE89DC7AB484}.Debug|Any CPU.Build.0 = Debug|Any CPU
		{1D477D15-B0B1-49D6-A520-DE89DC7AB484}.Release|Any CPU.ActiveCfg = Release|Any CPU
		{1D477D15-B0B1-49D6-A520-DE89DC7AB484}.Release|Any CPU.Build.0 = Release|Any CPU
		{1D7AA17B-F336-446C-AA1C-C2CB7E24DBCC}.Debug|Any CPU.ActiveCfg = Debug|Any CPU
		{1D7AA17B-F336-446C-AA1C-C2CB7E24DBCC}.Debug|Any CPU.Build.0 = Debug|Any CPU
		{1D7AA17B-F336-446C-AA1C-C2CB7E24DBCC}.Release|Any CPU.ActiveCfg = Release|Any CPU
		{1D7AA17B-F336-446C-AA1C-C2CB7E24DBCC}.Release|Any CPU.Build.0 = Release|Any CPU
	EndGlobalSection
	GlobalSection(SolutionProperties) = preSolution
		HideSolutionNode = FALSE
	EndGlobalSection
	GlobalSection(ExtensibilityGlobals) = postSolution
		SolutionGuid = {7958BD71-813B-414B-81B4-E23118580555}
	EndGlobalSection
EndGlobal
