
Microsoft Visual Studio Solution File, Format Version 12.00
# Visual Studio Version 16
VisualStudioVersion = 25.0.1705.4
MinimumVisualStudioVersion = 10.0.40219.1
Project("{FAE04EC0-301F-11D3-BF4B-00C04F79EFBC}") = "BinaryTree", "BinaryTree\BinaryTree.csproj", "{6F5E93E2-D715-4CF1-AE03-0222BA14DE89}"
EndProject
Global
	GlobalSection(SolutionConfigurationPlatforms) = preSolution
		Debug|Any CPU = Debug|Any CPU
		Release|Any CPU = Release|Any CPU
	EndGlobalSection
	GlobalSection(ProjectConfigurationPlatforms) = postSolution
		{6F5E93E2-D715-4CF1-AE03-0222BA14DE89}.Debug|Any CPU.ActiveCfg = Debug|Any CPU
		{6F5E93E2-D715-4CF1-AE03-0222BA14DE89}.Debug|Any CPU.Build.0 = Debug|Any CPU
		{6F5E93E2-D715-4CF1-AE03-0222BA14DE89}.Release|Any CPU.ActiveCfg = Release|Any CPU
		{6F5E93E2-D715-4CF1-AE03-0222BA14DE89}.Release|Any CPU.Build.0 = Release|Any CPU
	EndGlobalSection
	GlobalSection(SolutionProperties) = preSolution
		HideSolutionNode = FALSE
	EndGlobalSection
	GlobalSection(ExtensibilityGlobals) = postSolution
		SolutionGuid = {EDD835D3-EF21-432A-A472-4BFD7E8FAB58}
	EndGlobalSection
EndGlobal
