
Microsoft Visual Studio Solution File, Format Version 12.00
# Visual Studio Version 16
VisualStudioVersion = 25.0.1705.5
MinimumVisualStudioVersion = 10.0.40219.1
Project("{FAE04EC0-301F-11D3-BF4B-00C04F79EFBC}") = "Lists", "ComplementNum\Lists.csproj", "{FF57CB14-6CE1-4CC5-A5B9-DD148F0110B1}"
EndProject
Global
	GlobalSection(SolutionConfigurationPlatforms) = preSolution
		Debug|Any CPU = Debug|Any CPU
		Release|Any CPU = Release|Any CPU
	EndGlobalSection
	GlobalSection(ProjectConfigurationPlatforms) = postSolution
		{FF57CB14-6CE1-4CC5-A5B9-DD148F0110B1}.Debug|Any CPU.ActiveCfg = Debug|Any CPU
		{FF57CB14-6CE1-4CC5-A5B9-DD148F0110B1}.Debug|Any CPU.Build.0 = Debug|Any CPU
		{FF57CB14-6CE1-4CC5-A5B9-DD148F0110B1}.Release|Any CPU.ActiveCfg = Release|Any CPU
		{FF57CB14-6CE1-4CC5-A5B9-DD148F0110B1}.Release|Any CPU.Build.0 = Release|Any CPU
	EndGlobalSection
	GlobalSection(SolutionProperties) = preSolution
		HideSolutionNode = FALSE
	EndGlobalSection
	GlobalSection(ExtensibilityGlobals) = postSolution
		SolutionGuid = {3263BDFB-1D88-413C-B759-079038B8D026}
	EndGlobalSection
EndGlobal
