
Microsoft Visual Studio Solution File, Format Version 12.00
# Visual Studio Version 16
VisualStudioVersion = 25.0.1705.4
MinimumVisualStudioVersion = 10.0.40219.1
Project("{FAE04EC0-301F-11D3-BF4B-00C04F79EFBC}") = "BinaryHeap", "BinaryHeap\BinaryHeap.csproj", "{FC383C8A-9A21-4154-B269-D72AA112BACD}"
EndProject
Global
	GlobalSection(SolutionConfigurationPlatforms) = preSolution
		Debug|Any CPU = Debug|Any CPU
		Release|Any CPU = Release|Any CPU
	EndGlobalSection
	GlobalSection(ProjectConfigurationPlatforms) = postSolution
		{FC383C8A-9A21-4154-B269-D72AA112BACD}.Debug|Any CPU.ActiveCfg = Debug|Any CPU
		{FC383C8A-9A21-4154-B269-D72AA112BACD}.Debug|Any CPU.Build.0 = Debug|Any CPU
		{FC383C8A-9A21-4154-B269-D72AA112BACD}.Release|Any CPU.ActiveCfg = Release|Any CPU
		{FC383C8A-9A21-4154-B269-D72AA112BACD}.Release|Any CPU.Build.0 = Release|Any CPU
	EndGlobalSection
	GlobalSection(SolutionProperties) = preSolution
		HideSolutionNode = FALSE
	EndGlobalSection
	GlobalSection(ExtensibilityGlobals) = postSolution
		SolutionGuid = {2CD19A85-1CB2-465B-8A9B-A4F80541EFF5}
	EndGlobalSection
EndGlobal
