
Microsoft Visual Studio Solution File, Format Version 12.00
# Visual Studio Version 16
VisualStudioVersion = 25.0.1705.3
MinimumVisualStudioVersion = 10.0.40219.1
Project("{FAE04EC0-301F-11D3-BF4B-00C04F79EFBC}") = "Constructors", "Constructors\Constructors.csproj", "{0C549892-51FC-44E2-998D-B78069C11D16}"
EndProject
Global
	GlobalSection(SolutionConfigurationPlatforms) = preSolution
		Debug|Any CPU = Debug|Any CPU
		Release|Any CPU = Release|Any CPU
	EndGlobalSection
	GlobalSection(ProjectConfigurationPlatforms) = postSolution
		{0C549892-51FC-44E2-998D-B78069C11D16}.Debug|Any CPU.ActiveCfg = Debug|Any CPU
		{0C549892-51FC-44E2-998D-B78069C11D16}.Debug|Any CPU.Build.0 = Debug|Any CPU
		{0C549892-51FC-44E2-998D-B78069C11D16}.Release|Any CPU.ActiveCfg = Release|Any CPU
		{0C549892-51FC-44E2-998D-B78069C11D16}.Release|Any CPU.Build.0 = Release|Any CPU
	EndGlobalSection
	GlobalSection(SolutionProperties) = preSolution
		HideSolutionNode = FALSE
	EndGlobalSection
	GlobalSection(ExtensibilityGlobals) = postSolution
		SolutionGuid = {99542B7A-2FFD-4C26-94D9-2B4D8542B475}
	EndGlobalSection
EndGlobal
