
Microsoft Visual Studio Solution File, Format Version 12.00
# Visual Studio Version 16
VisualStudioVersion = 25.0.1705.3
MinimumVisualStudioVersion = 10.0.40219.1
Project("{FAE04EC0-301F-11D3-BF4B-00C04F79EFBC}") = "Strings1", "Strings1\Strings1.csproj", "{6E757D89-321A-43CA-B6EC-D7DA10E93659}"
EndProject
Global
	GlobalSection(SolutionConfigurationPlatforms) = preSolution
		Debug|Any CPU = Debug|Any CPU
		Release|Any CPU = Release|Any CPU
	EndGlobalSection
	GlobalSection(ProjectConfigurationPlatforms) = postSolution
		{6E757D89-321A-43CA-B6EC-D7DA10E93659}.Debug|Any CPU.ActiveCfg = Debug|Any CPU
		{6E757D89-321A-43CA-B6EC-D7DA10E93659}.Debug|Any CPU.Build.0 = Debug|Any CPU
		{6E757D89-321A-43CA-B6EC-D7DA10E93659}.Release|Any CPU.ActiveCfg = Release|Any CPU
		{6E757D89-321A-43CA-B6EC-D7DA10E93659}.Release|Any CPU.Build.0 = Release|Any CPU
	EndGlobalSection
	GlobalSection(SolutionProperties) = preSolution
		HideSolutionNode = FALSE
	EndGlobalSection
	GlobalSection(ExtensibilityGlobals) = postSolution
		SolutionGuid = {8C512A26-6046-40EB-991E-41512A932216}
	EndGlobalSection
EndGlobal
