
Microsoft Visual Studio Solution File, Format Version 12.00
# Visual Studio Version 16
VisualStudioVersion = 25.0.1705.4
MinimumVisualStudioVersion = 10.0.40219.1
Project("{FAE04EC0-301F-11D3-BF4B-00C04F79EFBC}") = "FirstClass", "FirstClass\FirstClass.csproj", "{CF83B61F-9061-426D-8E8D-748157784551}"
EndProject
Global
	GlobalSection(SolutionConfigurationPlatforms) = preSolution
		Debug|Any CPU = Debug|Any CPU
		Release|Any CPU = Release|Any CPU
	EndGlobalSection
	GlobalSection(ProjectConfigurationPlatforms) = postSolution
		{CF83B61F-9061-426D-8E8D-748157784551}.Debug|Any CPU.ActiveCfg = Debug|Any CPU
		{CF83B61F-9061-426D-8E8D-748157784551}.Debug|Any CPU.Build.0 = Debug|Any CPU
		{CF83B61F-9061-426D-8E8D-748157784551}.Release|Any CPU.ActiveCfg = Release|Any CPU
		{CF83B61F-9061-426D-8E8D-748157784551}.Release|Any CPU.Build.0 = Release|Any CPU
	EndGlobalSection
	GlobalSection(SolutionProperties) = preSolution
		HideSolutionNode = FALSE
	EndGlobalSection
	GlobalSection(ExtensibilityGlobals) = postSolution
		SolutionGuid = {6E18EFC3-092D-460B-A1CA-9734054652F6}
	EndGlobalSection
EndGlobal
