
Microsoft Visual Studio Solution File, Format Version 12.00
# Visual Studio Version 16
VisualStudioVersion = 25.0.1705.5
MinimumVisualStudioVersion = 10.0.40219.1
Project("{FAE04EC0-301F-11D3-BF4B-00C04F79EFBC}") = "RotatedIndexSearch", "RotatedIndexSearch\RotatedIndexSearch.csproj", "{37B6E916-DC22-4D6F-BF97-4151786887B4}"
EndProject
Global
	GlobalSection(SolutionConfigurationPlatforms) = preSolution
		Debug|Any CPU = Debug|Any CPU
		Release|Any CPU = Release|Any CPU
	EndGlobalSection
	GlobalSection(ProjectConfigurationPlatforms) = postSolution
		{37B6E916-DC22-4D6F-BF97-4151786887B4}.Debug|Any CPU.ActiveCfg = Debug|Any CPU
		{37B6E916-DC22-4D6F-BF97-4151786887B4}.Debug|Any CPU.Build.0 = Debug|Any CPU
		{37B6E916-DC22-4D6F-BF97-4151786887B4}.Release|Any CPU.ActiveCfg = Release|Any CPU
		{37B6E916-DC22-4D6F-BF97-4151786887B4}.Release|Any CPU.Build.0 = Release|Any CPU
	EndGlobalSection
	GlobalSection(SolutionProperties) = preSolution
		HideSolutionNode = FALSE
	EndGlobalSection
	GlobalSection(ExtensibilityGlobals) = postSolution
		SolutionGuid = {A5FA2122-5080-4663-A3F7-77C387B7ADBF}
	EndGlobalSection
EndGlobal
