
Microsoft Visual Studio Solution File, Format Version 12.00
# Visual Studio Version 16
VisualStudioVersion = 25.0.1705.3
MinimumVisualStudioVersion = 10.0.40219.1
Project("{FAE04EC0-301F-11D3-BF4B-00C04F79EFBC}") = "Inheritance", "Inheritance\Inheritance.csproj", "{8FD7301B-F652-4940-BAFF-A7A4363766B4}"
EndProject
Global
	GlobalSection(SolutionConfigurationPlatforms) = preSolution
		Debug|Any CPU = Debug|Any CPU
		Release|Any CPU = Release|Any CPU
	EndGlobalSection
	GlobalSection(ProjectConfigurationPlatforms) = postSolution
		{8FD7301B-F652-4940-BAFF-A7A4363766B4}.Debug|Any CPU.ActiveCfg = Debug|Any CPU
		{8FD7301B-F652-4940-BAFF-A7A4363766B4}.Debug|Any CPU.Build.0 = Debug|Any CPU
		{8FD7301B-F652-4940-BAFF-A7A4363766B4}.Release|Any CPU.ActiveCfg = Release|Any CPU
		{8FD7301B-F652-4940-BAFF-A7A4363766B4}.Release|Any CPU.Build.0 = Release|Any CPU
	EndGlobalSection
	GlobalSection(SolutionProperties) = preSolution
		HideSolutionNode = FALSE
	EndGlobalSection
	GlobalSection(ExtensibilityGlobals) = postSolution
		SolutionGuid = {B86670B6-4585-40CF-A174-68DFE2F09F94}
	EndGlobalSection
EndGlobal
