
Microsoft Visual Studio Solution File, Format Version 12.00
# Visual Studio Version 16
VisualStudioVersion = 25.0.1705.3
MinimumVisualStudioVersion = 10.0.40219.1
Project("{FAE04EC0-301F-11D3-BF4B-00C04F79EFBC}") = "IfElse", "IfElse\IfElse.csproj", "{5D9E3F2A-46CC-4784-9BBC-F51028E91FCD}"
EndProject
Global
	GlobalSection(SolutionConfigurationPlatforms) = preSolution
		Debug|Any CPU = Debug|Any CPU
		Release|Any CPU = Release|Any CPU
	EndGlobalSection
	GlobalSection(ProjectConfigurationPlatforms) = postSolution
		{5D9E3F2A-46CC-4784-9BBC-F51028E91FCD}.Debug|Any CPU.ActiveCfg = Debug|Any CPU
		{5D9E3F2A-46CC-4784-9BBC-F51028E91FCD}.Debug|Any CPU.Build.0 = Debug|Any CPU
		{5D9E3F2A-46CC-4784-9BBC-F51028E91FCD}.Release|Any CPU.ActiveCfg = Release|Any CPU
		{5D9E3F2A-46CC-4784-9BBC-F51028E91FCD}.Release|Any CPU.Build.0 = Release|Any CPU
	EndGlobalSection
	GlobalSection(SolutionProperties) = preSolution
		HideSolutionNode = FALSE
	EndGlobalSection
	GlobalSection(ExtensibilityGlobals) = postSolution
		SolutionGuid = {54E080B9-89BE-4DF8-A47A-0B8C2F903969}
	EndGlobalSection
EndGlobal
