
Microsoft Visual Studio Solution File, Format Version 12.00
# Visual Studio Version 16
VisualStudioVersion = 25.0.1705.5
MinimumVisualStudioVersion = 10.0.40219.1
Project("{FAE04EC0-301F-11D3-BF4B-00C04F79EFBC}") = "HashTables", "HashTables\HashTables.csproj", "{8505C725-54D0-46C6-B7E6-37217C834B81}"
EndProject
Global
	GlobalSection(SolutionConfigurationPlatforms) = preSolution
		Debug|Any CPU = Debug|Any CPU
		Release|Any CPU = Release|Any CPU
	EndGlobalSection
	GlobalSection(ProjectConfigurationPlatforms) = postSolution
		{8505C725-54D0-46C6-B7E6-37217C834B81}.Debug|Any CPU.ActiveCfg = Debug|Any CPU
		{8505C725-54D0-46C6-B7E6-37217C834B81}.Debug|Any CPU.Build.0 = Debug|Any CPU
		{8505C725-54D0-46C6-B7E6-37217C834B81}.Release|Any CPU.ActiveCfg = Release|Any CPU
		{8505C725-54D0-46C6-B7E6-37217C834B81}.Release|Any CPU.Build.0 = Release|Any CPU
	EndGlobalSection
	GlobalSection(SolutionProperties) = preSolution
		HideSolutionNode = FALSE
	EndGlobalSection
	GlobalSection(ExtensibilityGlobals) = postSolution
		SolutionGuid = {746FB547-20E5-43A4-B28B-04CDB35E83CA}
	EndGlobalSection
EndGlobal
