
Microsoft Visual Studio Solution File, Format Version 12.00
# Visual Studio Version 16
VisualStudioVersion = 25.0.1705.5
MinimumVisualStudioVersion = 10.0.40219.1
Project("{FAE04EC0-301F-11D3-BF4B-00C04F79EFBC}") = "Encapsulation2", "Encapsulation2\Encapsulation2.csproj", "{B60006C1-41F8-42A0-B21F-EAC5DAC8A328}"
EndProject
Global
	GlobalSection(SolutionConfigurationPlatforms) = preSolution
		Debug|Any CPU = Debug|Any CPU
		Release|Any CPU = Release|Any CPU
	EndGlobalSection
	GlobalSection(ProjectConfigurationPlatforms) = postSolution
		{B60006C1-41F8-42A0-B21F-EAC5DAC8A328}.Debug|Any CPU.ActiveCfg = Debug|Any CPU
		{B60006C1-41F8-42A0-B21F-EAC5DAC8A328}.Debug|Any CPU.Build.0 = Debug|Any CPU
		{B60006C1-41F8-42A0-B21F-EAC5DAC8A328}.Release|Any CPU.ActiveCfg = Release|Any CPU
		{B60006C1-41F8-42A0-B21F-EAC5DAC8A328}.Release|Any CPU.Build.0 = Release|Any CPU
	EndGlobalSection
	GlobalSection(SolutionProperties) = preSolution
		HideSolutionNode = FALSE
	EndGlobalSection
	GlobalSection(ExtensibilityGlobals) = postSolution
		SolutionGuid = {25333616-23CA-4E7B-B2B2-57045AA1F726}
	EndGlobalSection
EndGlobal
