
Microsoft Visual Studio Solution File, Format Version 12.00
# Visual Studio Version 16
VisualStudioVersion = 25.0.1705.4
MinimumVisualStudioVersion = 10.0.40219.1
Project("{FAE04EC0-301F-11D3-BF4B-00C04F79EFBC}") = "Methods_Pass_by_Reference", "Methods_Pass_by_Reference\Methods_Pass_by_Reference.csproj", "{0C680BFA-56B6-40DF-BB5D-63088B096C7B}"
EndProject
Global
	GlobalSection(SolutionConfigurationPlatforms) = preSolution
		Debug|Any CPU = Debug|Any CPU
		Release|Any CPU = Release|Any CPU
	EndGlobalSection
	GlobalSection(ProjectConfigurationPlatforms) = postSolution
		{0C680BFA-56B6-40DF-BB5D-63088B096C7B}.Debug|Any CPU.ActiveCfg = Debug|Any CPU
		{0C680BFA-56B6-40DF-BB5D-63088B096C7B}.Debug|Any CPU.Build.0 = Debug|Any CPU
		{0C680BFA-56B6-40DF-BB5D-63088B096C7B}.Release|Any CPU.ActiveCfg = Release|Any CPU
		{0C680BFA-56B6-40DF-BB5D-63088B096C7B}.Release|Any CPU.Build.0 = Release|Any CPU
	EndGlobalSection
	GlobalSection(SolutionProperties) = preSolution
		HideSolutionNode = FALSE
	EndGlobalSection
	GlobalSection(ExtensibilityGlobals) = postSolution
		SolutionGuid = {B060AABE-F26D-4665-BE82-7C950796FE43}
	EndGlobalSection
EndGlobal
