
Microsoft Visual Studio Solution File, Format Version 12.00
# Visual Studio Version 16
VisualStudioVersion = 25.0.1706.0
MinimumVisualStudioVersion = 10.0.40219.1
Project("{FAE04EC0-301F-11D3-BF4B-00C04F79EFBC}") = "SteveSearchAlgorithms", "SteveSearchAlgorithms\SteveSearchAlgorithms.csproj", "{4CDCCCE1-777A-4156-9245-FEA74920CAB2}"
EndProject
Global
	GlobalSection(SolutionConfigurationPlatforms) = preSolution
		Debug|Any CPU = Debug|Any CPU
		Release|Any CPU = Release|Any CPU
	EndGlobalSection
	GlobalSection(ProjectConfigurationPlatforms) = postSolution
		{4CDCCCE1-777A-4156-9245-FEA74920CAB2}.Debug|Any CPU.ActiveCfg = Debug|Any CPU
		{4CDCCCE1-777A-4156-9245-FEA74920CAB2}.Debug|Any CPU.Build.0 = Debug|Any CPU
		{4CDCCCE1-777A-4156-9245-FEA74920CAB2}.Release|Any CPU.ActiveCfg = Release|Any CPU
		{4CDCCCE1-777A-4156-9245-FEA74920CAB2}.Release|Any CPU.Build.0 = Release|Any CPU
	EndGlobalSection
	GlobalSection(SolutionProperties) = preSolution
		HideSolutionNode = FALSE
	EndGlobalSection
	GlobalSection(ExtensibilityGlobals) = postSolution
		SolutionGuid = {BACF5E5C-F960-4530-9716-EDF937E714AB}
	EndGlobalSection
EndGlobal
