
Microsoft Visual Studio Solution File, Format Version 12.00
# Visual Studio Version 16
VisualStudioVersion = 25.0.1705.5
MinimumVisualStudioVersion = 10.0.40219.1
Project("{FAE04EC0-301F-11D3-BF4B-00C04F79EFBC}") = "Encapsulation", "Encapsulation\Encapsulation.csproj", "{649CD493-E396-41D1-B4FD-DC84CE538353}"
EndProject
Global
	GlobalSection(SolutionConfigurationPlatforms) = preSolution
		Debug|Any CPU = Debug|Any CPU
		Release|Any CPU = Release|Any CPU
	EndGlobalSection
	GlobalSection(ProjectConfigurationPlatforms) = postSolution
		{649CD493-E396-41D1-B4FD-DC84CE538353}.Debug|Any CPU.ActiveCfg = Debug|Any CPU
		{649CD493-E396-41D1-B4FD-DC84CE538353}.Debug|Any CPU.Build.0 = Debug|Any CPU
		{649CD493-E396-41D1-B4FD-DC84CE538353}.Release|Any CPU.ActiveCfg = Release|Any CPU
		{649CD493-E396-41D1-B4FD-DC84CE538353}.Release|Any CPU.Build.0 = Release|Any CPU
	EndGlobalSection
	GlobalSection(SolutionProperties) = preSolution
		HideSolutionNode = FALSE
	EndGlobalSection
	GlobalSection(ExtensibilityGlobals) = postSolution
		SolutionGuid = {D934D515-DA51-4C1E-BFB2-757031A7B2D1}
	EndGlobalSection
EndGlobal
