
Microsoft Visual Studio Solution File, Format Version 12.00
# Visual Studio Version 16
VisualStudioVersion = 25.0.1705.4
MinimumVisualStudioVersion = 10.0.40219.1
Project("{FAE04EC0-301F-11D3-BF4B-00C04F79EFBC}") = "Graphs2", "Graphs2\Graphs2.csproj", "{570513EE-8826-4557-96E1-4B6A1739B79C}"
EndProject
Global
	GlobalSection(SolutionConfigurationPlatforms) = preSolution
		Debug|Any CPU = Debug|Any CPU
		Release|Any CPU = Release|Any CPU
	EndGlobalSection
	GlobalSection(ProjectConfigurationPlatforms) = postSolution
		{570513EE-8826-4557-96E1-4B6A1739B79C}.Debug|Any CPU.ActiveCfg = Debug|Any CPU
		{570513EE-8826-4557-96E1-4B6A1739B79C}.Debug|Any CPU.Build.0 = Debug|Any CPU
		{570513EE-8826-4557-96E1-4B6A1739B79C}.Release|Any CPU.ActiveCfg = Release|Any CPU
		{570513EE-8826-4557-96E1-4B6A1739B79C}.Release|Any CPU.Build.0 = Release|Any CPU
	EndGlobalSection
	GlobalSection(SolutionProperties) = preSolution
		HideSolutionNode = FALSE
	EndGlobalSection
	GlobalSection(ExtensibilityGlobals) = postSolution
		SolutionGuid = {69865B88-31B0-4326-B272-572903E3A437}
	EndGlobalSection
EndGlobal
