
Microsoft Visual Studio Solution File, Format Version 12.00
# Visual Studio Version 16
VisualStudioVersion = 25.0.1705.3
MinimumVisualStudioVersion = 10.0.40219.1
Project("{FAE04EC0-301F-11D3-BF4B-00C04F79EFBC}") = "TypeCasting", "TypeCasting\TypeCasting.csproj", "{58E90A16-9666-4541-9B8B-F9F9BACC5AFF}"
EndProject
Global
	GlobalSection(SolutionConfigurationPlatforms) = preSolution
		Debug|Any CPU = Debug|Any CPU
		Release|Any CPU = Release|Any CPU
	EndGlobalSection
	GlobalSection(ProjectConfigurationPlatforms) = postSolution
		{58E90A16-9666-4541-9B8B-F9F9BACC5AFF}.Debug|Any CPU.ActiveCfg = Debug|Any CPU
		{58E90A16-9666-4541-9B8B-F9F9BACC5AFF}.Debug|Any CPU.Build.0 = Debug|Any CPU
		{58E90A16-9666-4541-9B8B-F9F9BACC5AFF}.Release|Any CPU.ActiveCfg = Release|Any CPU
		{58E90A16-9666-4541-9B8B-F9F9BACC5AFF}.Release|Any CPU.Build.0 = Release|Any CPU
	EndGlobalSection
	GlobalSection(SolutionProperties) = preSolution
		HideSolutionNode = FALSE
	EndGlobalSection
	GlobalSection(ExtensibilityGlobals) = postSolution
		SolutionGuid = {D3AA1BB8-25D1-4E29-A612-3E3B27D32D78}
	EndGlobalSection
EndGlobal
